// !$*UTF8*$!
{
	archiveVersion = 1;
	classes = {
	};
	objectVersion = 52;
	objects = {

/* Begin PBXBuildFile section */
		0A14255226EE7BAB005AB730 /* TitleHeaderCollectionReusableView.swift in Sources */ = {isa = PBXBuildFile; fileRef = 0A14255126EE7BAB005AB730 /* TitleHeaderCollectionReusableView.swift */; };
		0A1C561426DAAC2F00A8752A /* AppDelegate.swift in Sources */ = {isa = PBXBuildFile; fileRef = 0A1C561326DAAC2F00A8752A /* AppDelegate.swift */; };
		0A1C561626DAAC2F00A8752A /* SceneDelegate.swift in Sources */ = {isa = PBXBuildFile; fileRef = 0A1C561526DAAC2F00A8752A /* SceneDelegate.swift */; };
		0A1C561826DAAC2F00A8752A /* HomeViewController.swift in Sources */ = {isa = PBXBuildFile; fileRef = 0A1C561726DAAC2F00A8752A /* HomeViewController.swift */; };
		0A1C561D26DAAC3000A8752A /* Assets.xcassets in Resources */ = {isa = PBXBuildFile; fileRef = 0A1C561C26DAAC3000A8752A /* Assets.xcassets */; };
		0A1C562026DAAC3000A8752A /* LaunchScreen.storyboard in Resources */ = {isa = PBXBuildFile; fileRef = 0A1C561E26DAAC3000A8752A /* LaunchScreen.storyboard */; };
		0A54170C26ED81DA0054DA56 /* FeaturedPlaylistCellViewModel.swift in Sources */ = {isa = PBXBuildFile; fileRef = 0A54170B26ED81DA0054DA56 /* FeaturedPlaylistCellViewModel.swift */; };
		0A54170E26ED82B80054DA56 /* RecommendedTrackCellViewModel.swift in Sources */ = {isa = PBXBuildFile; fileRef = 0A54170D26ED82B80054DA56 /* RecommendedTrackCellViewModel.swift */; };
		0A54171026ED91250054DA56 /* AlbumViewController.swift in Sources */ = {isa = PBXBuildFile; fileRef = 0A54170F26ED91250054DA56 /* AlbumViewController.swift */; };
		0A54171226ED96F30054DA56 /* AlbumDetailsResponse.swift in Sources */ = {isa = PBXBuildFile; fileRef = 0A54171126ED96F30054DA56 /* AlbumDetailsResponse.swift */; };
		0A54171426ED9C2D0054DA56 /* PlaylistDetailsResponse.swift in Sources */ = {isa = PBXBuildFile; fileRef = 0A54171326ED9C2D0054DA56 /* PlaylistDetailsResponse.swift */; };
		0A54171626EDA8C20054DA56 /* PlaylistHeaderCollectionReusableView.swift in Sources */ = {isa = PBXBuildFile; fileRef = 0A54171526EDA8C20054DA56 /* PlaylistHeaderCollectionReusableView.swift */; };
		0A54171826EDAD810054DA56 /* PlaylistHeaderViewViewModel.swift in Sources */ = {isa = PBXBuildFile; fileRef = 0A54171726EDAD810054DA56 /* PlaylistHeaderViewViewModel.swift */; };
		0A71148B26F6CF5300411E85 /* SearchResultDefaultTableViewCell.swift in Sources */ = {isa = PBXBuildFile; fileRef = 0A71148A26F6CF5300411E85 /* SearchResultDefaultTableViewCell.swift */; };
		0A71148D26F6DA2900411E85 /* SearchResultDefaultTableViewCellViewModel.swift in Sources */ = {isa = PBXBuildFile; fileRef = 0A71148C26F6DA2900411E85 /* SearchResultDefaultTableViewCellViewModel.swift */; };
		0A71148F26F6DFB600411E85 /* SearchResultSubtitleTableViewCell.swift in Sources */ = {isa = PBXBuildFile; fileRef = 0A71148E26F6DFB600411E85 /* SearchResultSubtitleTableViewCell.swift */; };
		0A71149126F6E09700411E85 /* SearchResultSubtitleTableViewCellViewModel.swift in Sources */ = {isa = PBXBuildFile; fileRef = 0A71149026F6E09700411E85 /* SearchResultSubtitleTableViewCellViewModel.swift */; };
		0A8D213C26DBD8E10023CC71 /* TabBarViewController.swift in Sources */ = {isa = PBXBuildFile; fileRef = 0A8D213B26DBD8E10023CC71 /* TabBarViewController.swift */; };
		0A8D213E26DBD9260023CC71 /* SearchViewController.swift in Sources */ = {isa = PBXBuildFile; fileRef = 0A8D213D26DBD9260023CC71 /* SearchViewController.swift */; };
		0A8D214026DC01270023CC71 /* LibraryViewController.swift in Sources */ = {isa = PBXBuildFile; fileRef = 0A8D213F26DC01270023CC71 /* LibraryViewController.swift */; };
		0A8D214426DC01840023CC71 /* AuthViewController.swift in Sources */ = {isa = PBXBuildFile; fileRef = 0A8D214326DC01840023CC71 /* AuthViewController.swift */; };
		0A8D214626DC018E0023CC71 /* WelcomeViewController.swift in Sources */ = {isa = PBXBuildFile; fileRef = 0A8D214526DC018E0023CC71 /* WelcomeViewController.swift */; };
		0A8D214826DC01AC0023CC71 /* SettingsViewController.swift in Sources */ = {isa = PBXBuildFile; fileRef = 0A8D214726DC01AC0023CC71 /* SettingsViewController.swift */; };
		0A8D214A26DC01C10023CC71 /* ProfileViewController.swift in Sources */ = {isa = PBXBuildFile; fileRef = 0A8D214926DC01C10023CC71 /* ProfileViewController.swift */; };
		0A8D214D26DC01E10023CC71 /* PlayerViewController.swift in Sources */ = {isa = PBXBuildFile; fileRef = 0A8D214C26DC01E10023CC71 /* PlayerViewController.swift */; };
		0A8D214F26DC57650023CC71 /* PlaylistViewController.swift in Sources */ = {isa = PBXBuildFile; fileRef = 0A8D214E26DC57650023CC71 /* PlaylistViewController.swift */; };
		0A8D215126DC58ED0023CC71 /* SearchResultsViewController.swift in Sources */ = {isa = PBXBuildFile; fileRef = 0A8D215026DC58ED0023CC71 /* SearchResultsViewController.swift */; };
		0A8D215326DC59370023CC71 /* AuthManager.swift in Sources */ = {isa = PBXBuildFile; fileRef = 0A8D215226DC59370023CC71 /* AuthManager.swift */; };
		0A8D215526DC594D0023CC71 /* APICaller.swift in Sources */ = {isa = PBXBuildFile; fileRef = 0A8D215426DC594D0023CC71 /* APICaller.swift */; };
		0A8D215726DC59710023CC71 /* HapticsManager.swift in Sources */ = {isa = PBXBuildFile; fileRef = 0A8D215626DC59710023CC71 /* HapticsManager.swift */; };
		0A8D215926DC59F70023CC71 /* Playlist.swift in Sources */ = {isa = PBXBuildFile; fileRef = 0A8D215826DC59F70023CC71 /* Playlist.swift */; };
		0A8D215B26DC5A260023CC71 /* AudioTrack.swift in Sources */ = {isa = PBXBuildFile; fileRef = 0A8D215A26DC5A260023CC71 /* AudioTrack.swift */; };
		0A8D215D26DC5A400023CC71 /* Artist.swift in Sources */ = {isa = PBXBuildFile; fileRef = 0A8D215C26DC5A400023CC71 /* Artist.swift */; };
		0A8D215F26DC5A730023CC71 /* UserProfile.swift in Sources */ = {isa = PBXBuildFile; fileRef = 0A8D215E26DC5A730023CC71 /* UserProfile.swift */; };
		0A8D216126DC900B0023CC71 /* Extensions.swift in Sources */ = {isa = PBXBuildFile; fileRef = 0A8D216026DC900B0023CC71 /* Extensions.swift */; };
		0A8D216326DF1B750023CC71 /* AuthResponse.swift in Sources */ = {isa = PBXBuildFile; fileRef = 0A8D216226DF1B750023CC71 /* AuthResponse.swift */; };
		0A92EA0D26EBEBCC004DB6BB /* NewReleasesCellViewModel.swift in Sources */ = {isa = PBXBuildFile; fileRef = 0A92EA0C26EBEBCC004DB6BB /* NewReleasesCellViewModel.swift */; };
		0AA177B026F0A932005BB006 /* AlbumTrackCollectionViewCell.swift in Sources */ = {isa = PBXBuildFile; fileRef = 0AA177AF26F0A932005BB006 /* AlbumTrackCollectionViewCell.swift */; };
		0AA177B226F0AC49005BB006 /* AlbumCollectionViewCellViewModel.swift in Sources */ = {isa = PBXBuildFile; fileRef = 0AA177B126F0AC49005BB006 /* AlbumCollectionViewCellViewModel.swift */; };
		0AA177DE26F2AFB8005BB006 /* CategoryCollectionViewCell.swift in Sources */ = {isa = PBXBuildFile; fileRef = 0AA177DD26F2AFB8005BB006 /* CategoryCollectionViewCell.swift */; };
		0AA177E026F42735005BB006 /* AllCategoriesResponse.swift in Sources */ = {isa = PBXBuildFile; fileRef = 0AA177DF26F42735005BB006 /* AllCategoriesResponse.swift */; };
		0AA177E226F43947005BB006 /* CategoryCollectionViewCellViewModel.swift in Sources */ = {isa = PBXBuildFile; fileRef = 0AA177E126F43947005BB006 /* CategoryCollectionViewCellViewModel.swift */; };
		0AA177E426F43B29005BB006 /* CategoryViewController.swift in Sources */ = {isa = PBXBuildFile; fileRef = 0AA177E326F43B29005BB006 /* CategoryViewController.swift */; };
		0AA177E626F44B71005BB006 /* SearchResultResponse.swift in Sources */ = {isa = PBXBuildFile; fileRef = 0AA177E526F44B71005BB006 /* SearchResultResponse.swift */; };
		0AA177E826F44D02005BB006 /* SearchResult.swift in Sources */ = {isa = PBXBuildFile; fileRef = 0AA177E726F44D02005BB006 /* SearchResult.swift */; };
		0AB5B1D526E899560038AC31 /* SettingsModels.swift in Sources */ = {isa = PBXBuildFile; fileRef = 0AB5B1D426E899560038AC31 /* SettingsModels.swift */; };
		0AB5B1D926E9D5F30038AC31 /* SDWebImage in Frameworks */ = {isa = PBXBuildFile; productRef = 0AB5B1D826E9D5F30038AC31 /* SDWebImage */; };
		0AB5B1DB26E9D5F30038AC31 /* SDWebImageMapKit in Frameworks */ = {isa = PBXBuildFile; productRef = 0AB5B1DA26E9D5F30038AC31 /* SDWebImageMapKit */; };
		0AB5B1DD26E9E6530038AC31 /* NewReleasesResponse.swift in Sources */ = {isa = PBXBuildFile; fileRef = 0AB5B1DC26E9E6530038AC31 /* NewReleasesResponse.swift */; };
		0AB5B1DF26E9E7B40038AC31 /* APIImage.swift in Sources */ = {isa = PBXBuildFile; fileRef = 0AB5B1DE26E9E7B40038AC31 /* APIImage.swift */; };
		0AB5B1E126E9F9070038AC31 /* FeaturedPlaylistsResponse.swift in Sources */ = {isa = PBXBuildFile; fileRef = 0AB5B1E026E9F9070038AC31 /* FeaturedPlaylistsResponse.swift */; };
		0AB5B1E326EA15230038AC31 /* RecommendedGenresResponse.swift in Sources */ = {isa = PBXBuildFile; fileRef = 0AB5B1E226EA15230038AC31 /* RecommendedGenresResponse.swift */; };
		0AB5B1E526EA19C70038AC31 /* RecommendationsResponse.swift in Sources */ = {isa = PBXBuildFile; fileRef = 0AB5B1E426EA19C70038AC31 /* RecommendationsResponse.swift */; };
		0AB5B1E826EB07190038AC31 /* NewReleaseCollectionViewCell.swift in Sources */ = {isa = PBXBuildFile; fileRef = 0AB5B1E726EB07190038AC31 /* NewReleaseCollectionViewCell.swift */; };
		0AB5B1EA26EB07530038AC31 /* FeaturedPlaylistCollectionViewCell.swift in Sources */ = {isa = PBXBuildFile; fileRef = 0AB5B1E926EB07530038AC31 /* FeaturedPlaylistCollectionViewCell.swift */; };
		0AB5B1EC26EB07880038AC31 /* RecommendedTrackCollectionViewCell.swift in Sources */ = {isa = PBXBuildFile; fileRef = 0AB5B1EB26EB07880038AC31 /* RecommendedTrackCollectionViewCell.swift */; };
/* End PBXBuildFile section */

/* Begin PBXFileReference section */
		0A14255126EE7BAB005AB730 /* TitleHeaderCollectionReusableView.swift */ = {isa = PBXFileReference; lastKnownFileType = sourcecode.swift; path = TitleHeaderCollectionReusableView.swift; sourceTree = "<group>"; };
		0A1C561026DAAC2F00A8752A /* Spotify.app */ = {isa = PBXFileReference; explicitFileType = wrapper.application; includeInIndex = 0; path = Spotify.app; sourceTree = BUILT_PRODUCTS_DIR; };
		0A1C561326DAAC2F00A8752A /* AppDelegate.swift */ = {isa = PBXFileReference; lastKnownFileType = sourcecode.swift; path = AppDelegate.swift; sourceTree = "<group>"; };
		0A1C561526DAAC2F00A8752A /* SceneDelegate.swift */ = {isa = PBXFileReference; lastKnownFileType = sourcecode.swift; path = SceneDelegate.swift; sourceTree = "<group>"; };
		0A1C561726DAAC2F00A8752A /* HomeViewController.swift */ = {isa = PBXFileReference; lastKnownFileType = sourcecode.swift; path = HomeViewController.swift; sourceTree = "<group>"; };
		0A1C561C26DAAC3000A8752A /* Assets.xcassets */ = {isa = PBXFileReference; lastKnownFileType = folder.assetcatalog; path = Assets.xcassets; sourceTree = "<group>"; };
		0A1C561F26DAAC3000A8752A /* Base */ = {isa = PBXFileReference; lastKnownFileType = file.storyboard; name = Base; path = Base.lproj/LaunchScreen.storyboard; sourceTree = "<group>"; };
		0A1C562126DAAC3000A8752A /* Info.plist */ = {isa = PBXFileReference; lastKnownFileType = text.plist.xml; path = Info.plist; sourceTree = "<group>"; };
		0A54170B26ED81DA0054DA56 /* FeaturedPlaylistCellViewModel.swift */ = {isa = PBXFileReference; lastKnownFileType = sourcecode.swift; path = FeaturedPlaylistCellViewModel.swift; sourceTree = "<group>"; };
		0A54170D26ED82B80054DA56 /* RecommendedTrackCellViewModel.swift */ = {isa = PBXFileReference; lastKnownFileType = sourcecode.swift; path = RecommendedTrackCellViewModel.swift; sourceTree = "<group>"; };
		0A54170F26ED91250054DA56 /* AlbumViewController.swift */ = {isa = PBXFileReference; lastKnownFileType = sourcecode.swift; path = AlbumViewController.swift; sourceTree = "<group>"; };
		0A54171126ED96F30054DA56 /* AlbumDetailsResponse.swift */ = {isa = PBXFileReference; lastKnownFileType = sourcecode.swift; path = AlbumDetailsResponse.swift; sourceTree = "<group>"; };
		0A54171326ED9C2D0054DA56 /* PlaylistDetailsResponse.swift */ = {isa = PBXFileReference; lastKnownFileType = sourcecode.swift; path = PlaylistDetailsResponse.swift; sourceTree = "<group>"; };
		0A54171526EDA8C20054DA56 /* PlaylistHeaderCollectionReusableView.swift */ = {isa = PBXFileReference; lastKnownFileType = sourcecode.swift; path = PlaylistHeaderCollectionReusableView.swift; sourceTree = "<group>"; };
		0A54171726EDAD810054DA56 /* PlaylistHeaderViewViewModel.swift */ = {isa = PBXFileReference; lastKnownFileType = sourcecode.swift; path = PlaylistHeaderViewViewModel.swift; sourceTree = "<group>"; };
		0A71148A26F6CF5300411E85 /* SearchResultDefaultTableViewCell.swift */ = {isa = PBXFileReference; lastKnownFileType = sourcecode.swift; path = SearchResultDefaultTableViewCell.swift; sourceTree = "<group>"; };
		0A71148C26F6DA2900411E85 /* SearchResultDefaultTableViewCellViewModel.swift */ = {isa = PBXFileReference; lastKnownFileType = sourcecode.swift; path = SearchResultDefaultTableViewCellViewModel.swift; sourceTree = "<group>"; };
		0A71148E26F6DFB600411E85 /* SearchResultSubtitleTableViewCell.swift */ = {isa = PBXFileReference; lastKnownFileType = sourcecode.swift; path = SearchResultSubtitleTableViewCell.swift; sourceTree = "<group>"; };
		0A71149026F6E09700411E85 /* SearchResultSubtitleTableViewCellViewModel.swift */ = {isa = PBXFileReference; lastKnownFileType = sourcecode.swift; path = SearchResultSubtitleTableViewCellViewModel.swift; sourceTree = "<group>"; };
		0A8D213B26DBD8E10023CC71 /* TabBarViewController.swift */ = {isa = PBXFileReference; lastKnownFileType = sourcecode.swift; path = TabBarViewController.swift; sourceTree = "<group>"; };
		0A8D213D26DBD9260023CC71 /* SearchViewController.swift */ = {isa = PBXFileReference; lastKnownFileType = sourcecode.swift; path = SearchViewController.swift; sourceTree = "<group>"; };
		0A8D213F26DC01270023CC71 /* LibraryViewController.swift */ = {isa = PBXFileReference; lastKnownFileType = sourcecode.swift; path = LibraryViewController.swift; sourceTree = "<group>"; };
		0A8D214326DC01840023CC71 /* AuthViewController.swift */ = {isa = PBXFileReference; lastKnownFileType = sourcecode.swift; path = AuthViewController.swift; sourceTree = "<group>"; };
		0A8D214526DC018E0023CC71 /* WelcomeViewController.swift */ = {isa = PBXFileReference; lastKnownFileType = sourcecode.swift; path = WelcomeViewController.swift; sourceTree = "<group>"; };
		0A8D214726DC01AC0023CC71 /* SettingsViewController.swift */ = {isa = PBXFileReference; lastKnownFileType = sourcecode.swift; path = SettingsViewController.swift; sourceTree = "<group>"; };
		0A8D214926DC01C10023CC71 /* ProfileViewController.swift */ = {isa = PBXFileReference; lastKnownFileType = sourcecode.swift; path = ProfileViewController.swift; sourceTree = "<group>"; };
		0A8D214C26DC01E10023CC71 /* PlayerViewController.swift */ = {isa = PBXFileReference; lastKnownFileType = sourcecode.swift; path = PlayerViewController.swift; sourceTree = "<group>"; };
		0A8D214E26DC57650023CC71 /* PlaylistViewController.swift */ = {isa = PBXFileReference; lastKnownFileType = sourcecode.swift; path = PlaylistViewController.swift; sourceTree = "<group>"; };
		0A8D215026DC58ED0023CC71 /* SearchResultsViewController.swift */ = {isa = PBXFileReference; lastKnownFileType = sourcecode.swift; path = SearchResultsViewController.swift; sourceTree = "<group>"; };
		0A8D215226DC59370023CC71 /* AuthManager.swift */ = {isa = PBXFileReference; lastKnownFileType = sourcecode.swift; path = AuthManager.swift; sourceTree = "<group>"; };
		0A8D215426DC594D0023CC71 /* APICaller.swift */ = {isa = PBXFileReference; lastKnownFileType = sourcecode.swift; path = APICaller.swift; sourceTree = "<group>"; };
		0A8D215626DC59710023CC71 /* HapticsManager.swift */ = {isa = PBXFileReference; lastKnownFileType = sourcecode.swift; path = HapticsManager.swift; sourceTree = "<group>"; };
		0A8D215826DC59F70023CC71 /* Playlist.swift */ = {isa = PBXFileReference; lastKnownFileType = sourcecode.swift; path = Playlist.swift; sourceTree = "<group>"; };
		0A8D215A26DC5A260023CC71 /* AudioTrack.swift */ = {isa = PBXFileReference; lastKnownFileType = sourcecode.swift; path = AudioTrack.swift; sourceTree = "<group>"; };
		0A8D215C26DC5A400023CC71 /* Artist.swift */ = {isa = PBXFileReference; lastKnownFileType = sourcecode.swift; path = Artist.swift; sourceTree = "<group>"; };
		0A8D215E26DC5A730023CC71 /* UserProfile.swift */ = {isa = PBXFileReference; lastKnownFileType = sourcecode.swift; path = UserProfile.swift; sourceTree = "<group>"; };
		0A8D216026DC900B0023CC71 /* Extensions.swift */ = {isa = PBXFileReference; lastKnownFileType = sourcecode.swift; path = Extensions.swift; sourceTree = "<group>"; };
		0A8D216226DF1B750023CC71 /* AuthResponse.swift */ = {isa = PBXFileReference; lastKnownFileType = sourcecode.swift; path = AuthResponse.swift; sourceTree = "<group>"; };
		0A92EA0C26EBEBCC004DB6BB /* NewReleasesCellViewModel.swift */ = {isa = PBXFileReference; lastKnownFileType = sourcecode.swift; path = NewReleasesCellViewModel.swift; sourceTree = "<group>"; };
		0AA177AF26F0A932005BB006 /* AlbumTrackCollectionViewCell.swift */ = {isa = PBXFileReference; lastKnownFileType = sourcecode.swift; path = AlbumTrackCollectionViewCell.swift; sourceTree = "<group>"; };
		0AA177B126F0AC49005BB006 /* AlbumCollectionViewCellViewModel.swift */ = {isa = PBXFileReference; lastKnownFileType = sourcecode.swift; path = AlbumCollectionViewCellViewModel.swift; sourceTree = "<group>"; };
		0AA177DD26F2AFB8005BB006 /* CategoryCollectionViewCell.swift */ = {isa = PBXFileReference; lastKnownFileType = sourcecode.swift; path = CategoryCollectionViewCell.swift; sourceTree = "<group>"; };
		0AA177DF26F42735005BB006 /* AllCategoriesResponse.swift */ = {isa = PBXFileReference; lastKnownFileType = sourcecode.swift; path = AllCategoriesResponse.swift; sourceTree = "<group>"; };
		0AA177E126F43947005BB006 /* CategoryCollectionViewCellViewModel.swift */ = {isa = PBXFileReference; lastKnownFileType = sourcecode.swift; path = CategoryCollectionViewCellViewModel.swift; sourceTree = "<group>"; };
		0AA177E326F43B29005BB006 /* CategoryViewController.swift */ = {isa = PBXFileReference; lastKnownFileType = sourcecode.swift; path = CategoryViewController.swift; sourceTree = "<group>"; };
		0AA177E526F44B71005BB006 /* SearchResultResponse.swift */ = {isa = PBXFileReference; lastKnownFileType = sourcecode.swift; path = SearchResultResponse.swift; sourceTree = "<group>"; };
		0AA177E726F44D02005BB006 /* SearchResult.swift */ = {isa = PBXFileReference; lastKnownFileType = sourcecode.swift; path = SearchResult.swift; sourceTree = "<group>"; };
		0AB5B1D426E899560038AC31 /* SettingsModels.swift */ = {isa = PBXFileReference; lastKnownFileType = sourcecode.swift; path = SettingsModels.swift; sourceTree = "<group>"; };
		0AB5B1DC26E9E6530038AC31 /* NewReleasesResponse.swift */ = {isa = PBXFileReference; lastKnownFileType = sourcecode.swift; path = NewReleasesResponse.swift; sourceTree = "<group>"; };
		0AB5B1DE26E9E7B40038AC31 /* APIImage.swift */ = {isa = PBXFileReference; lastKnownFileType = sourcecode.swift; path = APIImage.swift; sourceTree = "<group>"; };
		0AB5B1E026E9F9070038AC31 /* FeaturedPlaylistsResponse.swift */ = {isa = PBXFileReference; lastKnownFileType = sourcecode.swift; path = FeaturedPlaylistsResponse.swift; sourceTree = "<group>"; };
		0AB5B1E226EA15230038AC31 /* RecommendedGenresResponse.swift */ = {isa = PBXFileReference; lastKnownFileType = sourcecode.swift; path = RecommendedGenresResponse.swift; sourceTree = "<group>"; };
		0AB5B1E426EA19C70038AC31 /* RecommendationsResponse.swift */ = {isa = PBXFileReference; lastKnownFileType = sourcecode.swift; path = RecommendationsResponse.swift; sourceTree = "<group>"; };
		0AB5B1E726EB07190038AC31 /* NewReleaseCollectionViewCell.swift */ = {isa = PBXFileReference; lastKnownFileType = sourcecode.swift; path = NewReleaseCollectionViewCell.swift; sourceTree = "<group>"; };
		0AB5B1E926EB07530038AC31 /* FeaturedPlaylistCollectionViewCell.swift */ = {isa = PBXFileReference; lastKnownFileType = sourcecode.swift; path = FeaturedPlaylistCollectionViewCell.swift; sourceTree = "<group>"; };
		0AB5B1EB26EB07880038AC31 /* RecommendedTrackCollectionViewCell.swift */ = {isa = PBXFileReference; lastKnownFileType = sourcecode.swift; path = RecommendedTrackCollectionViewCell.swift; sourceTree = "<group>"; };
/* End PBXFileReference section */

/* Begin PBXFrameworksBuildPhase section */
		0A1C560D26DAAC2F00A8752A /* Frameworks */ = {
			isa = PBXFrameworksBuildPhase;
			buildActionMask = 2147483647;
			files = (
				0AB5B1DB26E9D5F30038AC31 /* SDWebImageMapKit in Frameworks */,
				0AB5B1D926E9D5F30038AC31 /* SDWebImage in Frameworks */,
			);
			runOnlyForDeploymentPostprocessing = 0;
		};
/* End PBXFrameworksBuildPhase section */

/* Begin PBXGroup section */
		0A1C560726DAAC2F00A8752A = {
			isa = PBXGroup;
			children = (
				0A1C561226DAAC2F00A8752A /* Spotify */,
				0A1C561126DAAC2F00A8752A /* Products */,
			);
			sourceTree = "<group>";
		};
		0A1C561126DAAC2F00A8752A /* Products */ = {
			isa = PBXGroup;
			children = (
				0A1C561026DAAC2F00A8752A /* Spotify.app */,
			);
			name = Products;
			sourceTree = "<group>";
		};
		0A1C561226DAAC2F00A8752A /* Spotify */ = {
			isa = PBXGroup;
			children = (
				0A8D213A26DBD5B10023CC71 /* Resources */,
				0A8D213926DBD59E0023CC71 /* Managers */,
				0A8D213826DBD58A0023CC71 /* ViewModels */,
				0A8D213726DBD57D0023CC71 /* Models */,
				0A8D213626DBD5660023CC71 /* View */,
				0A8D213526DBD55F0023CC71 /* Controllers */,
				0A1C562126DAAC3000A8752A /* Info.plist */,
			);
			path = Spotify;
			sourceTree = "<group>";
		};
		0A71148926F6CF1700411E85 /* SearchResultCells */ = {
			isa = PBXGroup;
			children = (
				0A71148A26F6CF5300411E85 /* SearchResultDefaultTableViewCell.swift */,
				0A71148E26F6DFB600411E85 /* SearchResultSubtitleTableViewCell.swift */,
			);
			path = SearchResultCells;
			sourceTree = "<group>";
		};
		0A8D213526DBD55F0023CC71 /* Controllers */ = {
			isa = PBXGroup;
			children = (
				0A8D214226DC015C0023CC71 /* Other */,
				0A8D214126DC013D0023CC71 /* Core */,
			);
			path = Controllers;
			sourceTree = "<group>";
		};
		0A8D213626DBD5660023CC71 /* View */ = {
			isa = PBXGroup;
			children = (
				0A71148926F6CF1700411E85 /* SearchResultCells */,
				0AB5B1E626EA93A70038AC31 /* Browse */,
				0A1C561E26DAAC3000A8752A /* LaunchScreen.storyboard */,
				0A54171526EDA8C20054DA56 /* PlaylistHeaderCollectionReusableView.swift */,
				0A14255126EE7BAB005AB730 /* TitleHeaderCollectionReusableView.swift */,
				0AA177AF26F0A932005BB006 /* AlbumTrackCollectionViewCell.swift */,
				0AA177DD26F2AFB8005BB006 /* CategoryCollectionViewCell.swift */,
			);
			path = View;
			sourceTree = "<group>";
		};
		0A8D213726DBD57D0023CC71 /* Models */ = {
			isa = PBXGroup;
			children = (
				0A8D215826DC59F70023CC71 /* Playlist.swift */,
				0A8D215A26DC5A260023CC71 /* AudioTrack.swift */,
				0A8D215C26DC5A400023CC71 /* Artist.swift */,
				0A8D215E26DC5A730023CC71 /* UserProfile.swift */,
				0A8D216226DF1B750023CC71 /* AuthResponse.swift */,
				0AB5B1D426E899560038AC31 /* SettingsModels.swift */,
				0AB5B1DC26E9E6530038AC31 /* NewReleasesResponse.swift */,
				0AB5B1DE26E9E7B40038AC31 /* APIImage.swift */,
				0AB5B1E026E9F9070038AC31 /* FeaturedPlaylistsResponse.swift */,
				0AB5B1E226EA15230038AC31 /* RecommendedGenresResponse.swift */,
				0AB5B1E426EA19C70038AC31 /* RecommendationsResponse.swift */,
				0A54171126ED96F30054DA56 /* AlbumDetailsResponse.swift */,
				0A54171326ED9C2D0054DA56 /* PlaylistDetailsResponse.swift */,
				0AA177DF26F42735005BB006 /* AllCategoriesResponse.swift */,
				0AA177E526F44B71005BB006 /* SearchResultResponse.swift */,
				0AA177E726F44D02005BB006 /* SearchResult.swift */,
			);
			path = Models;
			sourceTree = "<group>";
		};
		0A8D213826DBD58A0023CC71 /* ViewModels */ = {
			isa = PBXGroup;
			children = (
				0A92EA0C26EBEBCC004DB6BB /* NewReleasesCellViewModel.swift */,
				0A54170B26ED81DA0054DA56 /* FeaturedPlaylistCellViewModel.swift */,
				0A54170D26ED82B80054DA56 /* RecommendedTrackCellViewModel.swift */,
				0A54171726EDAD810054DA56 /* PlaylistHeaderViewViewModel.swift */,
				0AA177B126F0AC49005BB006 /* AlbumCollectionViewCellViewModel.swift */,
				0AA177E126F43947005BB006 /* CategoryCollectionViewCellViewModel.swift */,
				0A71148C26F6DA2900411E85 /* SearchResultDefaultTableViewCellViewModel.swift */,
				0A71149026F6E09700411E85 /* SearchResultSubtitleTableViewCellViewModel.swift */,
			);
			path = ViewModels;
			sourceTree = "<group>";
		};
		0A8D213926DBD59E0023CC71 /* Managers */ = {
			isa = PBXGroup;
			children = (
				0A8D215226DC59370023CC71 /* AuthManager.swift */,
				0A8D215426DC594D0023CC71 /* APICaller.swift */,
				0A8D215626DC59710023CC71 /* HapticsManager.swift */,
			);
			path = Managers;
			sourceTree = "<group>";
		};
		0A8D213A26DBD5B10023CC71 /* Resources */ = {
			isa = PBXGroup;
			children = (
				0A1C561326DAAC2F00A8752A /* AppDelegate.swift */,
				0A1C561526DAAC2F00A8752A /* SceneDelegate.swift */,
				0A1C561C26DAAC3000A8752A /* Assets.xcassets */,
				0A8D216026DC900B0023CC71 /* Extensions.swift */,
			);
			path = Resources;
			sourceTree = "<group>";
		};
		0A8D214126DC013D0023CC71 /* Core */ = {
			isa = PBXGroup;
			children = (
				0A8D213B26DBD8E10023CC71 /* TabBarViewController.swift */,
				0A1C561726DAAC2F00A8752A /* HomeViewController.swift */,
				0A8D213D26DBD9260023CC71 /* SearchViewController.swift */,
				0A8D213F26DC01270023CC71 /* LibraryViewController.swift */,
			);
			path = Core;
			sourceTree = "<group>";
		};
		0A8D214226DC015C0023CC71 /* Other */ = {
			isa = PBXGroup;
			children = (
				0A8D214326DC01840023CC71 /* AuthViewController.swift */,
				0A8D214526DC018E0023CC71 /* WelcomeViewController.swift */,
				0A8D214726DC01AC0023CC71 /* SettingsViewController.swift */,
				0A8D214926DC01C10023CC71 /* ProfileViewController.swift */,
				0A8D214C26DC01E10023CC71 /* PlayerViewController.swift */,
				0A8D214E26DC57650023CC71 /* PlaylistViewController.swift */,
				0A8D215026DC58ED0023CC71 /* SearchResultsViewController.swift */,
				0A54170F26ED91250054DA56 /* AlbumViewController.swift */,
				0AA177E326F43B29005BB006 /* CategoryViewController.swift */,
			);
			path = Other;
			sourceTree = "<group>";
		};
		0AB5B1E626EA93A70038AC31 /* Browse */ = {
			isa = PBXGroup;
			children = (
				0AB5B1E726EB07190038AC31 /* NewReleaseCollectionViewCell.swift */,
				0AB5B1E926EB07530038AC31 /* FeaturedPlaylistCollectionViewCell.swift */,
				0AB5B1EB26EB07880038AC31 /* RecommendedTrackCollectionViewCell.swift */,
			);
			path = Browse;
			sourceTree = "<group>";
		};
/* End PBXGroup section */

/* Begin PBXNativeTarget section */
		0A1C560F26DAAC2F00A8752A /* Spotify */ = {
			isa = PBXNativeTarget;
			buildConfigurationList = 0A1C562426DAAC3000A8752A /* Build configuration list for PBXNativeTarget "Spotify" */;
			buildPhases = (
				0A1C560C26DAAC2F00A8752A /* Sources */,
				0A1C560D26DAAC2F00A8752A /* Frameworks */,
				0A1C560E26DAAC2F00A8752A /* Resources */,
			);
			buildRules = (
			);
			dependencies = (
			);
			name = Spotify;
			packageProductDependencies = (
				0AB5B1D826E9D5F30038AC31 /* SDWebImage */,
				0AB5B1DA26E9D5F30038AC31 /* SDWebImageMapKit */,
			);
			productName = Spotify;
			productReference = 0A1C561026DAAC2F00A8752A /* Spotify.app */;
			productType = "com.apple.product-type.application";
		};
/* End PBXNativeTarget section */

/* Begin PBXProject section */
		0A1C560826DAAC2F00A8752A /* Project object */ = {
			isa = PBXProject;
			attributes = {
				LastSwiftUpdateCheck = 1250;
				LastUpgradeCheck = 1250;
				TargetAttributes = {
					0A1C560F26DAAC2F00A8752A = {
						CreatedOnToolsVersion = 12.5;
					};
				};
			};
			buildConfigurationList = 0A1C560B26DAAC2F00A8752A /* Build configuration list for PBXProject "Spotify" */;
			compatibilityVersion = "Xcode 9.3";
			developmentRegion = en;
			hasScannedForEncodings = 0;
			knownRegions = (
				en,
				Base,
			);
			mainGroup = 0A1C560726DAAC2F00A8752A;
			packageReferences = (
				0AB5B1D726E9D5F30038AC31 /* XCRemoteSwiftPackageReference "SDWebImage" */,
			);
			productRefGroup = 0A1C561126DAAC2F00A8752A /* Products */;
			projectDirPath = "";
			projectRoot = "";
			targets = (
				0A1C560F26DAAC2F00A8752A /* Spotify */,
			);
		};
/* End PBXProject section */

/* Begin PBXResourcesBuildPhase section */
		0A1C560E26DAAC2F00A8752A /* Resources */ = {
			isa = PBXResourcesBuildPhase;
			buildActionMask = 2147483647;
			files = (
				0A1C562026DAAC3000A8752A /* LaunchScreen.storyboard in Resources */,
				0A1C561D26DAAC3000A8752A /* Assets.xcassets in Resources */,
			);
			runOnlyForDeploymentPostprocessing = 0;
		};
/* End PBXResourcesBuildPhase section */

/* Begin PBXSourcesBuildPhase section */
		0A1C560C26DAAC2F00A8752A /* Sources */ = {
			isa = PBXSourcesBuildPhase;
			buildActionMask = 2147483647;
			files = (
				0A8D213E26DBD9260023CC71 /* SearchViewController.swift in Sources */,
				0A54171426ED9C2D0054DA56 /* PlaylistDetailsResponse.swift in Sources */,
				0A8D215926DC59F70023CC71 /* Playlist.swift in Sources */,
				0AA177E626F44B71005BB006 /* SearchResultResponse.swift in Sources */,
				0A8D215326DC59370023CC71 /* AuthManager.swift in Sources */,
				0A92EA0D26EBEBCC004DB6BB /* NewReleasesCellViewModel.swift in Sources */,
				0AA177B226F0AC49005BB006 /* AlbumCollectionViewCellViewModel.swift in Sources */,
				0A54170E26ED82B80054DA56 /* RecommendedTrackCellViewModel.swift in Sources */,
				0A8D215126DC58ED0023CC71 /* SearchResultsViewController.swift in Sources */,
				0AA177E426F43B29005BB006 /* CategoryViewController.swift in Sources */,
				0AA177E026F42735005BB006 /* AllCategoriesResponse.swift in Sources */,
				0A14255226EE7BAB005AB730 /* TitleHeaderCollectionReusableView.swift in Sources */,
				0A54171026ED91250054DA56 /* AlbumViewController.swift in Sources */,
				0A54171826EDAD810054DA56 /* PlaylistHeaderViewViewModel.swift in Sources */,
				0A54170C26ED81DA0054DA56 /* FeaturedPlaylistCellViewModel.swift in Sources */,
				0A8D214626DC018E0023CC71 /* WelcomeViewController.swift in Sources */,
				0A8D214A26DC01C10023CC71 /* ProfileViewController.swift in Sources */,
				0A8D213C26DBD8E10023CC71 /* TabBarViewController.swift in Sources */,
				0A71148B26F6CF5300411E85 /* SearchResultDefaultTableViewCell.swift in Sources */,
				0A8D215726DC59710023CC71 /* HapticsManager.swift in Sources */,
				0AB5B1EC26EB07880038AC31 /* RecommendedTrackCollectionViewCell.swift in Sources */,
				0A8D216326DF1B750023CC71 /* AuthResponse.swift in Sources */,
				0AA177DE26F2AFB8005BB006 /* CategoryCollectionViewCell.swift in Sources */,
				0AB5B1DD26E9E6530038AC31 /* NewReleasesResponse.swift in Sources */,
				0A71148F26F6DFB600411E85 /* SearchResultSubtitleTableViewCell.swift in Sources */,
				0AB5B1DF26E9E7B40038AC31 /* APIImage.swift in Sources */,
				0A71148D26F6DA2900411E85 /* SearchResultDefaultTableViewCellViewModel.swift in Sources */,
				0AA177B026F0A932005BB006 /* AlbumTrackCollectionViewCell.swift in Sources */,
				0AB5B1E526EA19C70038AC31 /* RecommendationsResponse.swift in Sources */,
				0A8D215B26DC5A260023CC71 /* AudioTrack.swift in Sources */,
				0A1C561826DAAC2F00A8752A /* HomeViewController.swift in Sources */,
				0AB5B1E826EB07190038AC31 /* NewReleaseCollectionViewCell.swift in Sources */,
				0A8D214426DC01840023CC71 /* AuthViewController.swift in Sources */,
				0AB5B1EA26EB07530038AC31 /* FeaturedPlaylistCollectionViewCell.swift in Sources */,
				0A1C561426DAAC2F00A8752A /* AppDelegate.swift in Sources */,
				0A8D215F26DC5A730023CC71 /* UserProfile.swift in Sources */,
				0A8D216126DC900B0023CC71 /* Extensions.swift in Sources */,
				0AA177E826F44D02005BB006 /* SearchResult.swift in Sources */,
				0A54171626EDA8C20054DA56 /* PlaylistHeaderCollectionReusableView.swift in Sources */,
				0A8D214026DC01270023CC71 /* LibraryViewController.swift in Sources */,
				0A8D215D26DC5A400023CC71 /* Artist.swift in Sources */,
				0AB5B1D526E899560038AC31 /* SettingsModels.swift in Sources */,
				0A8D214F26DC57650023CC71 /* PlaylistViewController.swift in Sources */,
				0A1C561626DAAC2F00A8752A /* SceneDelegate.swift in Sources */,
				0A8D214D26DC01E10023CC71 /* PlayerViewController.swift in Sources */,
				0A54171226ED96F30054DA56 /* AlbumDetailsResponse.swift in Sources */,
				0A8D215526DC594D0023CC71 /* APICaller.swift in Sources */,
				0AB5B1E126E9F9070038AC31 /* FeaturedPlaylistsResponse.swift in Sources */,
				0A8D214826DC01AC0023CC71 /* SettingsViewController.swift in Sources */,
				0A71149126F6E09700411E85 /* SearchResultSubtitleTableViewCellViewModel.swift in Sources */,
				0AA177E226F43947005BB006 /* CategoryCollectionViewCellViewModel.swift in Sources */,
				0AB5B1E326EA15230038AC31 /* RecommendedGenresResponse.swift in Sources */,
			);
			runOnlyForDeploymentPostprocessing = 0;
		};
/* End PBXSourcesBuildPhase section */

/* Begin PBXVariantGroup section */
		0A1C561E26DAAC3000A8752A /* LaunchScreen.storyboard */ = {
			isa = PBXVariantGroup;
			children = (
				0A1C561F26DAAC3000A8752A /* Base */,
			);
			name = LaunchScreen.storyboard;
			sourceTree = "<group>";
		};
/* End PBXVariantGroup section */

/* Begin XCBuildConfiguration section */
		0A1C562226DAAC3000A8752A /* Debug */ = {
			isa = XCBuildConfiguration;
			buildSettings = {
				ALWAYS_SEARCH_USER_PATHS = NO;
				CLANG_ANALYZER_NONNULL = YES;
				CLANG_ANALYZER_NUMBER_OBJECT_CONVERSION = YES_AGGRESSIVE;
				CLANG_CXX_LANGUAGE_STANDARD = "gnu++14";
				CLANG_CXX_LIBRARY = "libc++";
				CLANG_ENABLE_MODULES = YES;
				CLANG_ENABLE_OBJC_ARC = YES;
				CLANG_ENABLE_OBJC_WEAK = YES;
				CLANG_WARN_BLOCK_CAPTURE_AUTORELEASING = YES;
				CLANG_WARN_BOOL_CONVERSION = YES;
				CLANG_WARN_COMMA = YES;
				CLANG_WARN_CONSTANT_CONVERSION = YES;
				CLANG_WARN_DEPRECATED_OBJC_IMPLEMENTATIONS = YES;
				CLANG_WARN_DIRECT_OBJC_ISA_USAGE = YES_ERROR;
				CLANG_WARN_DOCUMENTATION_COMMENTS = YES;
				CLANG_WARN_EMPTY_BODY = YES;
				CLANG_WARN_ENUM_CONVERSION = YES;
				CLANG_WARN_INFINITE_RECURSION = YES;
				CLANG_WARN_INT_CONVERSION = YES;
				CLANG_WARN_NON_LITERAL_NULL_CONVERSION = YES;
				CLANG_WARN_OBJC_IMPLICIT_RETAIN_SELF = YES;
				CLANG_WARN_OBJC_LITERAL_CONVERSION = YES;
				CLANG_WARN_OBJC_ROOT_CLASS = YES_ERROR;
				CLANG_WARN_QUOTED_INCLUDE_IN_FRAMEWORK_HEADER = YES;
				CLANG_WARN_RANGE_LOOP_ANALYSIS = YES;
				CLANG_WARN_STRICT_PROTOTYPES = YES;
				CLANG_WARN_SUSPICIOUS_MOVE = YES;
				CLANG_WARN_UNGUARDED_AVAILABILITY = YES_AGGRESSIVE;
				CLANG_WARN_UNREACHABLE_CODE = YES;
				CLANG_WARN__DUPLICATE_METHOD_MATCH = YES;
				COPY_PHASE_STRIP = NO;
				DEBUG_INFORMATION_FORMAT = dwarf;
				ENABLE_STRICT_OBJC_MSGSEND = YES;
				ENABLE_TESTABILITY = YES;
				GCC_C_LANGUAGE_STANDARD = gnu11;
				GCC_DYNAMIC_NO_PIC = NO;
				GCC_NO_COMMON_BLOCKS = YES;
				GCC_OPTIMIZATION_LEVEL = 0;
				GCC_PREPROCESSOR_DEFINITIONS = (
					"DEBUG=1",
					"$(inherited)",
				);
				GCC_WARN_64_TO_32_BIT_CONVERSION = YES;
				GCC_WARN_ABOUT_RETURN_TYPE = YES_ERROR;
				GCC_WARN_UNDECLARED_SELECTOR = YES;
				GCC_WARN_UNINITIALIZED_AUTOS = YES_AGGRESSIVE;
				GCC_WARN_UNUSED_FUNCTION = YES;
				GCC_WARN_UNUSED_VARIABLE = YES;
				IPHONEOS_DEPLOYMENT_TARGET = 12.1;
				MTL_ENABLE_DEBUG_INFO = INCLUDE_SOURCE;
				MTL_FAST_MATH = YES;
				ONLY_ACTIVE_ARCH = YES;
				SDKROOT = iphoneos;
				SWIFT_ACTIVE_COMPILATION_CONDITIONS = DEBUG;
				SWIFT_OPTIMIZATION_LEVEL = "-Onone";
			};
			name = Debug;
		};
		0A1C562326DAAC3000A8752A /* Release */ = {
			isa = XCBuildConfiguration;
			buildSettings = {
				ALWAYS_SEARCH_USER_PATHS = NO;
				CLANG_ANALYZER_NONNULL = YES;
				CLANG_ANALYZER_NUMBER_OBJECT_CONVERSION = YES_AGGRESSIVE;
				CLANG_CXX_LANGUAGE_STANDARD = "gnu++14";
				CLANG_CXX_LIBRARY = "libc++";
				CLANG_ENABLE_MODULES = YES;
				CLANG_ENABLE_OBJC_ARC = YES;
				CLANG_ENABLE_OBJC_WEAK = YES;
				CLANG_WARN_BLOCK_CAPTURE_AUTORELEASING = YES;
				CLANG_WARN_BOOL_CONVERSION = YES;
				CLANG_WARN_COMMA = YES;
				CLANG_WARN_CONSTANT_CONVERSION = YES;
				CLANG_WARN_DEPRECATED_OBJC_IMPLEMENTATIONS = YES;
				CLANG_WARN_DIRECT_OBJC_ISA_USAGE = YES_ERROR;
				CLANG_WARN_DOCUMENTATION_COMMENTS = YES;
				CLANG_WARN_EMPTY_BODY = YES;
				CLANG_WARN_ENUM_CONVERSION = YES;
				CLANG_WARN_INFINITE_RECURSION = YES;
				CLANG_WARN_INT_CONVERSION = YES;
				CLANG_WARN_NON_LITERAL_NULL_CONVERSION = YES;
				CLANG_WARN_OBJC_IMPLICIT_RETAIN_SELF = YES;
				CLANG_WARN_OBJC_LITERAL_CONVERSION = YES;
				CLANG_WARN_OBJC_ROOT_CLASS = YES_ERROR;
				CLANG_WARN_QUOTED_INCLUDE_IN_FRAMEWORK_HEADER = YES;
				CLANG_WARN_RANGE_LOOP_ANALYSIS = YES;
				CLANG_WARN_STRICT_PROTOTYPES = YES;
				CLANG_WARN_SUSPICIOUS_MOVE = YES;
				CLANG_WARN_UNGUARDED_AVAILABILITY = YES_AGGRESSIVE;
				CLANG_WARN_UNREACHABLE_CODE = YES;
				CLANG_WARN__DUPLICATE_METHOD_MATCH = YES;
				COPY_PHASE_STRIP = NO;
				DEBUG_INFORMATION_FORMAT = "dwarf-with-dsym";
				ENABLE_NS_ASSERTIONS = NO;
				ENABLE_STRICT_OBJC_MSGSEND = YES;
				GCC_C_LANGUAGE_STANDARD = gnu11;
				GCC_NO_COMMON_BLOCKS = YES;
				GCC_WARN_64_TO_32_BIT_CONVERSION = YES;
				GCC_WARN_ABOUT_RETURN_TYPE = YES_ERROR;
				GCC_WARN_UNDECLARED_SELECTOR = YES;
				GCC_WARN_UNINITIALIZED_AUTOS = YES_AGGRESSIVE;
				GCC_WARN_UNUSED_FUNCTION = YES;
				GCC_WARN_UNUSED_VARIABLE = YES;
				IPHONEOS_DEPLOYMENT_TARGET = 12.1;
				MTL_ENABLE_DEBUG_INFO = NO;
				MTL_FAST_MATH = YES;
				SDKROOT = iphoneos;
				SWIFT_COMPILATION_MODE = wholemodule;
				SWIFT_OPTIMIZATION_LEVEL = "-O";
				VALIDATE_PRODUCT = YES;
			};
			name = Release;
		};
		0A1C562526DAAC3000A8752A /* Debug */ = {
			isa = XCBuildConfiguration;
			buildSettings = {
				ASSETCATALOG_COMPILER_APPICON_NAME = AppIcon;
				ASSETCATALOG_COMPILER_GLOBAL_ACCENT_COLOR_NAME = AccentColor;
				CODE_SIGN_STYLE = Automatic;
				DEVELOPMENT_TEAM = DJCKM4F4RZ;
				INFOPLIST_FILE = Spotify/Info.plist;
				IPHONEOS_DEPLOYMENT_TARGET = 14.1;
				LD_RUNPATH_SEARCH_PATHS = (
					"$(inherited)",
					"@executable_path/Frameworks",
				);
				PRODUCT_BUNDLE_IDENTIFIER = com.AmrHossam.Spotify;
				PRODUCT_NAME = "$(TARGET_NAME)";
				SWIFT_VERSION = 5.0;
				TARGETED_DEVICE_FAMILY = 1;
			};
			name = Debug;
		};
		0A1C562626DAAC3000A8752A /* Release */ = {
			isa = XCBuildConfiguration;
			buildSettings = {
				ASSETCATALOG_COMPILER_APPICON_NAME = AppIcon;
				ASSETCATALOG_COMPILER_GLOBAL_ACCENT_COLOR_NAME = AccentColor;
				CODE_SIGN_STYLE = Automatic;
				DEVELOPMENT_TEAM = DJCKM4F4RZ;
				INFOPLIST_FILE = Spotify/Info.plist;
				IPHONEOS_DEPLOYMENT_TARGET = 14.5;
				LD_RUNPATH_SEARCH_PATHS = (
					"$(inherited)",
					"@executable_path/Frameworks",
				);
				PRODUCT_BUNDLE_IDENTIFIER = com.AmrHossam.Spotify;
				PRODUCT_NAME = "$(TARGET_NAME)";
				SWIFT_VERSION = 5.0;
				TARGETED_DEVICE_FAMILY = 1;
			};
			name = Release;
		};
/* End XCBuildConfiguration section */

/* Begin XCConfigurationList section */
		0A1C560B26DAAC2F00A8752A /* Build configuration list for PBXProject "Spotify" */ = {
			isa = XCConfigurationList;
			buildConfigurations = (
				0A1C562226DAAC3000A8752A /* Debug */,
				0A1C562326DAAC3000A8752A /* Release */,
			);
			defaultConfigurationIsVisible = 0;
			defaultConfigurationName = Release;
		};
		0A1C562426DAAC3000A8752A /* Build configuration list for PBXNativeTarget "Spotify" */ = {
			isa = XCConfigurationList;
			buildConfigurations = (
				0A1C562526DAAC3000A8752A /* Debug */,
				0A1C562626DAAC3000A8752A /* Release */,
			);
			defaultConfigurationIsVisible = 0;
			defaultConfigurationName = Release;
		};
/* End XCConfigurationList section */

/* Begin XCRemoteSwiftPackageReference section */
		0AB5B1D726E9D5F30038AC31 /* XCRemoteSwiftPackageReference "SDWebImage" */ = {
			isa = XCRemoteSwiftPackageReference;
			repositoryURL = "https://github.com/SDWebImage/SDWebImage.git";
			requirement = {
				kind = upToNextMajorVersion;
				minimumVersion = 5.11.1;
			};
		};
/* End XCRemoteSwiftPackageReference section */

/* Begin XCSwiftPackageProductDependency section */
		0AB5B1D826E9D5F30038AC31 /* SDWebImage */ = {
			isa = XCSwiftPackageProductDependency;
			package = 0AB5B1D726E9D5F30038AC31 /* XCRemoteSwiftPackageReference "SDWebImage" */;
			productName = SDWebImage;
		};
		0AB5B1DA26E9D5F30038AC31 /* SDWebImageMapKit */ = {
			isa = XCSwiftPackageProductDependency;
			package = 0AB5B1D726E9D5F30038AC31 /* XCRemoteSwiftPackageReference "SDWebImage" */;
			productName = SDWebImageMapKit;
		};
/* End XCSwiftPackageProductDependency section */
	};
	rootObject = 0A1C560826DAAC2F00A8752A /* Project object */;
}
